
Microsoft Visual Studio Solution File, Format Version 12.00
# Visual Studio Version 16
VisualStudioVersion = 16.0.31105.61
MinimumVisualStudioVersion = 10.0.40219.1
Project("{8BC9CEB8-8B4A-11D0-8D11-00A0C91BC942}") = "unitomine", "unitomine.vcxproj", "{470DED1E-E868-4F8C-85B0-C3A7FBD18BC6}"
EndProject
Global
	GlobalSection(SolutionConfigurationPlatforms) = preSolution
		Debug|x64 = Debug|x64
		Debug|x86 = Debug|x86
		Release|x64 = Release|x64
		Release|x86 = Release|x86
	EndGlobalSection
	GlobalSection(ProjectConfigurationPlatforms) = postSolution
		{470DED1E-E868-4F8C-85B0-C3A7FBD18BC6}.Debug|x64.ActiveCfg = Debug|x64
		{470DED1E-E868-4F8C-85B0-C3A7FBD18BC6}.Debug|x64.Build.0 = Debug|x64
		{470DED1E-E868-4F8C-85B0-C3A7FBD18BC6}.Debug|x86.ActiveCfg = Debug|Win32
		{470DED1E-E868-4F8C-85B0-C3A7FBD18BC6}.Debug|x86.Build.0 = Debug|Win32
		{470DED1E-E868-4F8C-85B0-C3A7FBD18BC6}.Release|x64.ActiveCfg = Release|x64
		{470DED1E-E868-4F8C-85B0-C3A7FBD18BC6}.Release|x64.Build.0 = Release|x64
		{470DED1E-E868-4F8C-85B0-C3A7FBD18BC6}.Release|x86.ActiveCfg = Release|Win32
		{470DED1E-E868-4F8C-85B0-C3A7FBD18BC6}.Release|x86.Build.0 = Release|Win32
	EndGlobalSection
	GlobalSection(SolutionProperties) = preSolution
		HideSolutionNode = FALSE
	EndGlobalSection
	GlobalSection(ExtensibilityGlobals) = postSolution
		SolutionGuid = {9F4B63E0-A39C-4596-9830-5A328A0F9FEC}
	EndGlobalSection
EndGlobal
